// !$*UTF8*$!
{
	archiveVersion = 1;
	classes = {
	};
	objectVersion = 50;
	objects = {

/* Begin PBXBuildFile section */
		0455C651219BDCB400264F9C /* AppDelegate.swift in Sources */ = {isa = PBXBuildFile; fileRef = 0455C650219BDCB400264F9C /* AppDelegate.swift */; };
		0455C653219BDCB400264F9C /* ViewController.swift in Sources */ = {isa = PBXBuildFile; fileRef = 0455C652219BDCB400264F9C /* ViewController.swift */; };
		0455C658219BDCB500264F9C /* Assets.xcassets in Resources */ = {isa = PBXBuildFile; fileRef = 0455C657219BDCB500264F9C /* Assets.xcassets */; };
		0455C65B219BDCB500264F9C /* LaunchScreen.storyboard in Resources */ = {isa = PBXBuildFile; fileRef = 0455C659219BDCB500264F9C /* LaunchScreen.storyboard */; };
		0455C664219BDFA200264F9C /* HabitsTableViewController.swift in Sources */ = {isa = PBXBuildFile; fileRef = 0455C662219BDFA200264F9C /* HabitsTableViewController.swift */; };
		0455C665219BDFA200264F9C /* HabitsTableViewController.xib in Resources */ = {isa = PBXBuildFile; fileRef = 0455C663219BDFA200264F9C /* HabitsTableViewController.xib */; };
		0455C668219BE10400264F9C /* UIViewControllerExtensions.swift in Sources */ = {isa = PBXBuildFile; fileRef = 0455C667219BE10400264F9C /* UIViewControllerExtensions.swift */; };
		047C5FEE219C94A000E517B3 /* Habit.swift in Sources */ = {isa = PBXBuildFile; fileRef = 047C5FED219C94A000E517B3 /* Habit.swift */; };
		047C5FF1219CACA000E517B3 /* HabitTableViewCell.swift in Sources */ = {isa = PBXBuildFile; fileRef = 047C5FEF219CACA000E517B3 /* HabitTableViewCell.swift */; };
		047C5FF2219CACA000E517B3 /* HabitTableViewCell.xib in Resources */ = {isa = PBXBuildFile; fileRef = 047C5FF0219CACA000E517B3 /* HabitTableViewCell.xib */; };
		047C5FF4219CD5FD00E517B3 /* PersistenceLayer.swift in Sources */ = {isa = PBXBuildFile; fileRef = 047C5FF3219CD5FD00E517B3 /* PersistenceLayer.swift */; };
		047C5FF7219DCF3600E517B3 /* AddHabitViewController.swift in Sources */ = {isa = PBXBuildFile; fileRef = 047C5FF5219DCF3600E517B3 /* AddHabitViewController.swift */; };
		047C5FF8219DCF3600E517B3 /* AddHabitViewController.xib in Resources */ = {isa = PBXBuildFile; fileRef = 047C5FF6219DCF3600E517B3 /* AddHabitViewController.xib */; };
		047C5FFB219DD38800E517B3 /* HabitImageCollectionViewCell.swift in Sources */ = {isa = PBXBuildFile; fileRef = 047C5FF9219DD38800E517B3 /* HabitImageCollectionViewCell.swift */; };
		047C5FFC219DD38800E517B3 /* HabitImageCollectionViewCell.xib in Resources */ = {isa = PBXBuildFile; fileRef = 047C5FFA219DD38800E517B3 /* HabitImageCollectionViewCell.xib */; };
		047C5FFF219DFD1100E517B3 /* ConfirmHabitViewController.swift in Sources */ = {isa = PBXBuildFile; fileRef = 047C5FFD219DFD1100E517B3 /* ConfirmHabitViewController.swift */; };
		047C6000219DFD1100E517B3 /* ConfirmHabitViewController.xib in Resources */ = {isa = PBXBuildFile; fileRef = 047C5FFE219DFD1100E517B3 /* ConfirmHabitViewController.xib */; };
		047C6028219F38AA00E517B3 /* HabitDetailedViewController.swift in Sources */ = {isa = PBXBuildFile; fileRef = 047C6026219F38AA00E517B3 /* HabitDetailedViewController.swift */; };
		047C6029219F38AA00E517B3 /* HabitDetailedViewController.xib in Resources */ = {isa = PBXBuildFile; fileRef = 047C6027219F38AA00E517B3 /* HabitDetailedViewController.xib */; };
/* End PBXBuildFile section */

/* Begin PBXFileReference section */
		0455C64D219BDCB400264F9C /* Habitual.app */ = {isa = PBXFileReference; explicitFileType = wrapper.application; includeInIndex = 0; path = Habitual.app; sourceTree = BUILT_PRODUCTS_DIR; };
		0455C650219BDCB400264F9C /* AppDelegate.swift */ = {isa = PBXFileReference; lastKnownFileType = sourcecode.swift; path = AppDelegate.swift; sourceTree = "<group>"; };
		0455C652219BDCB400264F9C /* ViewController.swift */ = {isa = PBXFileReference; lastKnownFileType = sourcecode.swift; path = ViewController.swift; sourceTree = "<group>"; };
		0455C657219BDCB500264F9C /* Assets.xcassets */ = {isa = PBXFileReference; lastKnownFileType = folder.assetcatalog; path = Assets.xcassets; sourceTree = "<group>"; };
		0455C65A219BDCB500264F9C /* Base */ = {isa = PBXFileReference; lastKnownFileType = file.storyboard; name = Base; path = Base.lproj/LaunchScreen.storyboard; sourceTree = "<group>"; };
		0455C65C219BDCB500264F9C /* Info.plist */ = {isa = PBXFileReference; lastKnownFileType = text.plist.xml; path = Info.plist; sourceTree = "<group>"; };
		0455C662219BDFA200264F9C /* HabitsTableViewController.swift */ = {isa = PBXFileReference; lastKnownFileType = sourcecode.swift; path = HabitsTableViewController.swift; sourceTree = "<group>"; };
		0455C663219BDFA200264F9C /* HabitsTableViewController.xib */ = {isa = PBXFileReference; lastKnownFileType = file.xib; path = HabitsTableViewController.xib; sourceTree = "<group>"; };
		0455C667219BE10400264F9C /* UIViewControllerExtensions.swift */ = {isa = PBXFileReference; lastKnownFileType = sourcecode.swift; path = UIViewControllerExtensions.swift; sourceTree = "<group>"; };
		047C5FED219C94A000E517B3 /* Habit.swift */ = {isa = PBXFileReference; lastKnownFileType = sourcecode.swift; path = Habit.swift; sourceTree = "<group>"; };
		047C5FEF219CACA000E517B3 /* HabitTableViewCell.swift */ = {isa = PBXFileReference; lastKnownFileType = sourcecode.swift; path = HabitTableViewCell.swift; sourceTree = "<group>"; };
		047C5FF0219CACA000E517B3 /* HabitTableViewCell.xib */ = {isa = PBXFileReference; lastKnownFileType = file.xib; path = HabitTableViewCell.xib; sourceTree = "<group>"; };
		047C5FF3219CD5FD00E517B3 /* PersistenceLayer.swift */ = {isa = PBXFileReference; lastKnownFileType = sourcecode.swift; path = PersistenceLayer.swift; sourceTree = "<group>"; };
		047C5FF5219DCF3600E517B3 /* AddHabitViewController.swift */ = {isa = PBXFileReference; lastKnownFileType = sourcecode.swift; path = AddHabitViewController.swift; sourceTree = "<group>"; };
		047C5FF6219DCF3600E517B3 /* AddHabitViewController.xib */ = {isa = PBXFileReference; lastKnownFileType = file.xib; path = AddHabitViewController.xib; sourceTree = "<group>"; };
		047C5FF9219DD38800E517B3 /* HabitImageCollectionViewCell.swift */ = {isa = PBXFileReference; lastKnownFileType = sourcecode.swift; path = HabitImageCollectionViewCell.swift; sourceTree = "<group>"; };
		047C5FFA219DD38800E517B3 /* HabitImageCollectionViewCell.xib */ = {isa = PBXFileReference; lastKnownFileType = file.xib; path = HabitImageCollectionViewCell.xib; sourceTree = "<group>"; };
		047C5FFD219DFD1100E517B3 /* ConfirmHabitViewController.swift */ = {isa = PBXFileReference; lastKnownFileType = sourcecode.swift; path = ConfirmHabitViewController.swift; sourceTree = "<group>"; };
		047C5FFE219DFD1100E517B3 /* ConfirmHabitViewController.xib */ = {isa = PBXFileReference; lastKnownFileType = file.xib; path = ConfirmHabitViewController.xib; sourceTree = "<group>"; };
		047C6026219F38AA00E517B3 /* HabitDetailedViewController.swift */ = {isa = PBXFileReference; lastKnownFileType = sourcecode.swift; path = HabitDetailedViewController.swift; sourceTree = "<group>"; };
		047C6027219F38AA00E517B3 /* HabitDetailedViewController.xib */ = {isa = PBXFileReference; lastKnownFileType = file.xib; path = HabitDetailedViewController.xib; sourceTree = "<group>"; };
/* End PBXFileReference section */

/* Begin PBXFrameworksBuildPhase section */
		0455C64A219BDCB400264F9C /* Frameworks */ = {
			isa = PBXFrameworksBuildPhase;
			buildActionMask = 2147483647;
			files = (
			);
			runOnlyForDeploymentPostprocessing = 0;
		};
/* End PBXFrameworksBuildPhase section */

/* Begin PBXGroup section */
		0455C644219BDCB400264F9C = {
			isa = PBXGroup;
			children = (
				0455C64F219BDCB400264F9C /* Habitual */,
				0455C64E219BDCB400264F9C /* Products */,
			);
			sourceTree = "<group>";
		};
		0455C64E219BDCB400264F9C /* Products */ = {
			isa = PBXGroup;
			children = (
				0455C64D219BDCB400264F9C /* Habitual.app */,
			);
			name = Products;
			sourceTree = "<group>";
		};
		0455C64F219BDCB400264F9C /* Habitual */ = {
			isa = PBXGroup;
			children = (
				0455C650219BDCB400264F9C /* AppDelegate.swift */,
				0455C652219BDCB400264F9C /* ViewController.swift */,
				0455C657219BDCB500264F9C /* Assets.xcassets */,
				0455C659219BDCB500264F9C /* LaunchScreen.storyboard */,
				0455C65C219BDCB500264F9C /* Info.plist */,
				0455C666219BE06A00264F9C /* Views */,
				0455C667219BE10400264F9C /* UIViewControllerExtensions.swift */,
				047C5FED219C94A000E517B3 /* Habit.swift */,
				047C5FF3219CD5FD00E517B3 /* PersistenceLayer.swift */,
			);
			path = Habitual;
			sourceTree = "<group>";
		};
		0455C666219BE06A00264F9C /* Views */ = {
			isa = PBXGroup;
			children = (
				0455C662219BDFA200264F9C /* HabitsTableViewController.swift */,
				0455C663219BDFA200264F9C /* HabitsTableViewController.xib */,
				047C5FEF219CACA000E517B3 /* HabitTableViewCell.swift */,
				047C5FF0219CACA000E517B3 /* HabitTableViewCell.xib */,
				047C5FF5219DCF3600E517B3 /* AddHabitViewController.swift */,
				047C5FF6219DCF3600E517B3 /* AddHabitViewController.xib */,
				047C5FF9219DD38800E517B3 /* HabitImageCollectionViewCell.swift */,
				047C5FFA219DD38800E517B3 /* HabitImageCollectionViewCell.xib */,
				047C5FFD219DFD1100E517B3 /* ConfirmHabitViewController.swift */,
				047C5FFE219DFD1100E517B3 /* ConfirmHabitViewController.xib */,
				047C6026219F38AA00E517B3 /* HabitDetailedViewController.swift */,
				047C6027219F38AA00E517B3 /* HabitDetailedViewController.xib */,
			);
			path = Views;
			sourceTree = "<group>";
		};
/* End PBXGroup section */

/* Begin PBXNativeTarget section */
		0455C64C219BDCB400264F9C /* Habitual */ = {
			isa = PBXNativeTarget;
			buildConfigurationList = 0455C65F219BDCB500264F9C /* Build configuration list for PBXNativeTarget "Habitual" */;
			buildPhases = (
				0455C649219BDCB400264F9C /* Sources */,
				0455C64A219BDCB400264F9C /* Frameworks */,
				0455C64B219BDCB400264F9C /* Resources */,
			);
			buildRules = (
			);
			dependencies = (
			);
			name = Habitual;
			productName = Habitual;
			productReference = 0455C64D219BDCB400264F9C /* Habitual.app */;
			productType = "com.apple.product-type.application";
		};
/* End PBXNativeTarget section */

/* Begin PBXProject section */
		0455C645219BDCB400264F9C /* Project object */ = {
			isa = PBXProject;
			attributes = {
				LastSwiftUpdateCheck = 1000;
				LastUpgradeCheck = 1000;
				ORGANIZATIONNAME = sarinswift;
				TargetAttributes = {
					0455C64C219BDCB400264F9C = {
						CreatedOnToolsVersion = 10.0;
					};
				};
			};
			buildConfigurationList = 0455C648219BDCB400264F9C /* Build configuration list for PBXProject "Habitual" */;
			compatibilityVersion = "Xcode 9.3";
			developmentRegion = en;
			hasScannedForEncodings = 0;
			knownRegions = (
				en,
				Base,
			);
			mainGroup = 0455C644219BDCB400264F9C;
			productRefGroup = 0455C64E219BDCB400264F9C /* Products */;
			projectDirPath = "";
			projectRoot = "";
			targets = (
				0455C64C219BDCB400264F9C /* Habitual */,
			);
		};
/* End PBXProject section */

/* Begin PBXResourcesBuildPhase section */
		0455C64B219BDCB400264F9C /* Resources */ = {
			isa = PBXResourcesBuildPhase;
			buildActionMask = 2147483647;
			files = (
				0455C65B219BDCB500264F9C /* LaunchScreen.storyboard in Resources */,
				047C5FF8219DCF3600E517B3 /* AddHabitViewController.xib in Resources */,
				047C6000219DFD1100E517B3 /* ConfirmHabitViewController.xib in Resources */,
				047C6029219F38AA00E517B3 /* HabitDetailedViewController.xib in Resources */,
				0455C665219BDFA200264F9C /* HabitsTableViewController.xib in Resources */,
				047C5FF2219CACA000E517B3 /* HabitTableViewCell.xib in Resources */,
				047C5FFC219DD38800E517B3 /* HabitImageCollectionViewCell.xib in Resources */,
				0455C658219BDCB500264F9C /* Assets.xcassets in Resources */,
			);
			runOnlyForDeploymentPostprocessing = 0;
		};
/* End PBXResourcesBuildPhase section */

/* Begin PBXSourcesBuildPhase section */
		0455C649219BDCB400264F9C /* Sources */ = {
			isa = PBXSourcesBuildPhase;
			buildActionMask = 2147483647;
			files = (
				0455C668219BE10400264F9C /* UIViewControllerExtensions.swift in Sources */,
				047C5FFB219DD38800E517B3 /* HabitImageCollectionViewCell.swift in Sources */,
				047C6028219F38AA00E517B3 /* HabitDetailedViewController.swift in Sources */,
				047C5FEE219C94A000E517B3 /* Habit.swift in Sources */,
				0455C664219BDFA200264F9C /* HabitsTableViewController.swift in Sources */,
				047C5FF4219CD5FD00E517B3 /* PersistenceLayer.swift in Sources */,
				0455C653219BDCB400264F9C /* ViewController.swift in Sources */,
				047C5FFF219DFD1100E517B3 /* ConfirmHabitViewController.swift in Sources */,
				047C5FF1219CACA000E517B3 /* HabitTableViewCell.swift in Sources */,
				0455C651219BDCB400264F9C /* AppDelegate.swift in Sources */,
				047C5FF7219DCF3600E517B3 /* AddHabitViewController.swift in Sources */,
			);
			runOnlyForDeploymentPostprocessing = 0;
		};
/* End PBXSourcesBuildPhase section */

/* Begin PBXVariantGroup section */
		0455C659219BDCB500264F9C /* LaunchScreen.storyboard */ = {
			isa = PBXVariantGroup;
			children = (
				0455C65A219BDCB500264F9C /* Base */,
			);
			name = LaunchScreen.storyboard;
			sourceTree = "<group>";
		};
/* End PBXVariantGroup section */

/* Begin XCBuildConfiguration section */
		0455C65D219BDCB500264F9C /* Debug */ = {
			isa = XCBuildConfiguration;
			buildSettings = {
				ALWAYS_SEARCH_USER_PATHS = NO;
				CLANG_ANALYZER_NONNULL = YES;
				CLANG_ANALYZER_NUMBER_OBJECT_CONVERSION = YES_AGGRESSIVE;
				CLANG_CXX_LANGUAGE_STANDARD = "gnu++14";
				CLANG_CXX_LIBRARY = "libc++";
				CLANG_ENABLE_MODULES = YES;
				CLANG_ENABLE_OBJC_ARC = YES;
				CLANG_ENABLE_OBJC_WEAK = YES;
				CLANG_WARN_BLOCK_CAPTURE_AUTORELEASING = YES;
				CLANG_WARN_BOOL_CONVERSION = YES;
				CLANG_WARN_COMMA = YES;
				CLANG_WARN_CONSTANT_CONVERSION = YES;
				CLANG_WARN_DEPRECATED_OBJC_IMPLEMENTATIONS = YES;
				CLANG_WARN_DIRECT_OBJC_ISA_USAGE = YES_ERROR;
				CLANG_WARN_DOCUMENTATION_COMMENTS = YES;
				CLANG_WARN_EMPTY_BODY = YES;
				CLANG_WARN_ENUM_CONVERSION = YES;
				CLANG_WARN_INFINITE_RECURSION = YES;
				CLANG_WARN_INT_CONVERSION = YES;
				CLANG_WARN_NON_LITERAL_NULL_CONVERSION = YES;
				CLANG_WARN_OBJC_IMPLICIT_RETAIN_SELF = YES;
				CLANG_WARN_OBJC_LITERAL_CONVERSION = YES;
				CLANG_WARN_OBJC_ROOT_CLASS = YES_ERROR;
				CLANG_WARN_RANGE_LOOP_ANALYSIS = YES;
				CLANG_WARN_STRICT_PROTOTYPES = YES;
				CLANG_WARN_SUSPICIOUS_MOVE = YES;
				CLANG_WARN_UNGUARDED_AVAILABILITY = YES_AGGRESSIVE;
				CLANG_WARN_UNREACHABLE_CODE = YES;
				CLANG_WARN__DUPLICATE_METHOD_MATCH = YES;
				CODE_SIGN_IDENTITY = "iPhone Developer";
				COPY_PHASE_STRIP = NO;
				DEBUG_INFORMATION_FORMAT = dwarf;
				ENABLE_STRICT_OBJC_MSGSEND = YES;
				ENABLE_TESTABILITY = YES;
				GCC_C_LANGUAGE_STANDARD = gnu11;
				GCC_DYNAMIC_NO_PIC = NO;
				GCC_NO_COMMON_BLOCKS = YES;
				GCC_OPTIMIZATION_LEVEL = 0;
				GCC_PREPROCESSOR_DEFINITIONS = (
					"DEBUG=1",
					"$(inherited)",
				);
				GCC_WARN_64_TO_32_BIT_CONVERSION = YES;
				GCC_WARN_ABOUT_RETURN_TYPE = YES_ERROR;
				GCC_WARN_UNDECLARED_SELECTOR = YES;
				GCC_WARN_UNINITIALIZED_AUTOS = YES_AGGRESSIVE;
				GCC_WARN_UNUSED_FUNCTION = YES;
				GCC_WARN_UNUSED_VARIABLE = YES;
				IPHONEOS_DEPLOYMENT_TARGET = 12.0;
				MTL_ENABLE_DEBUG_INFO = INCLUDE_SOURCE;
				MTL_FAST_MATH = YES;
				ONLY_ACTIVE_ARCH = YES;
				SDKROOT = iphoneos;
				SWIFT_ACTIVE_COMPILATION_CONDITIONS = DEBUG;
				SWIFT_OPTIMIZATION_LEVEL = "-Onone";
			};
			name = Debug;
		};
		0455C65E219BDCB500264F9C /* Release */ = {
			isa = XCBuildConfiguration;
			buildSettings = {
				ALWAYS_SEARCH_USER_PATHS = NO;
				CLANG_ANALYZER_NONNULL = YES;
				CLANG_ANALYZER_NUMBER_OBJECT_CONVERSION = YES_AGGRESSIVE;
				CLANG_CXX_LANGUAGE_STANDARD = "gnu++14";
				CLANG_CXX_LIBRARY = "libc++";
				CLANG_ENABLE_MODULES = YES;
				CLANG_ENABLE_OBJC_ARC = YES;
				CLANG_ENABLE_OBJC_WEAK = YES;
				CLANG_WARN_BLOCK_CAPTURE_AUTORELEASING = YES;
				CLANG_WARN_BOOL_CONVERSION = YES;
				CLANG_WARN_COMMA = YES;
				CLANG_WARN_CONSTANT_CONVERSION = YES;
				CLANG_WARN_DEPRECATED_OBJC_IMPLEMENTATIONS = YES;
				CLANG_WARN_DIRECT_OBJC_ISA_USAGE = YES_ERROR;
				CLANG_WARN_DOCUMENTATION_COMMENTS = YES;
				CLANG_WARN_EMPTY_BODY = YES;
				CLANG_WARN_ENUM_CONVERSION = YES;
				CLANG_WARN_INFINITE_RECURSION = YES;
				CLANG_WARN_INT_CONVERSION = YES;
				CLANG_WARN_NON_LITERAL_NULL_CONVERSION = YES;
				CLANG_WARN_OBJC_IMPLICIT_RETAIN_SELF = YES;
				CLANG_WARN_OBJC_LITERAL_CONVERSION = YES;
				CLANG_WARN_OBJC_ROOT_CLASS = YES_ERROR;
				CLANG_WARN_RANGE_LOOP_ANALYSIS = YES;
				CLANG_WARN_STRICT_PROTOTYPES = YES;
				CLANG_WARN_SUSPICIOUS_MOVE = YES;
				CLANG_WARN_UNGUARDED_AVAILABILITY = YES_AGGRESSIVE;
				CLANG_WARN_UNREACHABLE_CODE = YES;
				CLANG_WARN__DUPLICATE_METHOD_MATCH = YES;
				CODE_SIGN_IDENTITY = "iPhone Developer";
				COPY_PHASE_STRIP = NO;
				DEBUG_INFORMATION_FORMAT = "dwarf-with-dsym";
				ENABLE_NS_ASSERTIONS = NO;
				ENABLE_STRICT_OBJC_MSGSEND = YES;
				GCC_C_LANGUAGE_STANDARD = gnu11;
				GCC_NO_COMMON_BLOCKS = YES;
				GCC_WARN_64_TO_32_BIT_CONVERSION = YES;
				GCC_WARN_ABOUT_RETURN_TYPE = YES_ERROR;
				GCC_WARN_UNDECLARED_SELECTOR = YES;
				GCC_WARN_UNINITIALIZED_AUTOS = YES_AGGRESSIVE;
				GCC_WARN_UNUSED_FUNCTION = YES;
				GCC_WARN_UNUSED_VARIABLE = YES;
				IPHONEOS_DEPLOYMENT_TARGET = 12.0;
				MTL_ENABLE_DEBUG_INFO = NO;
				MTL_FAST_MATH = YES;
				SDKROOT = iphoneos;
				SWIFT_COMPILATION_MODE = wholemodule;
				SWIFT_OPTIMIZATION_LEVEL = "-O";
				VALIDATE_PRODUCT = YES;
			};
			name = Release;
		};
		0455C660219BDCB500264F9C /* Debug */ = {
			isa = XCBuildConfiguration;
			buildSettings = {
				ASSETCATALOG_COMPILER_APPICON_NAME = AppIcon;
				CODE_SIGN_STYLE = Automatic;
				DEVELOPMENT_TEAM = 7C5XTUX6GS;
				INFOPLIST_FILE = Habitual/Info.plist;
				LD_RUNPATH_SEARCH_PATHS = (
					"$(inherited)",
					"@executable_path/Frameworks",
				);
				PRODUCT_BUNDLE_IDENTIFIER = com.sarin.Habitual;
				PRODUCT_NAME = "$(TARGET_NAME)";
				SWIFT_VERSION = 4.2;
				TARGETED_DEVICE_FAMILY = 1;
			};
			name = Debug;
		};
		0455C661219BDCB500264F9C /* Release */ = {
			isa = XCBuildConfiguration;
			buildSettings = {
				ASSETCATALOG_COMPILER_APPICON_NAME = AppIcon;
				CODE_SIGN_STYLE = Automatic;
				DEVELOPMENT_TEAM = 7C5XTUX6GS;
				INFOPLIST_FILE = Habitual/Info.plist;
				LD_RUNPATH_SEARCH_PATHS = (
					"$(inherited)",
					"@executable_path/Frameworks",
				);
				PRODUCT_BUNDLE_IDENTIFIER = com.sarin.Habitual;
				PRODUCT_NAME = "$(TARGET_NAME)";
				SWIFT_VERSION = 4.2;
				TARGETED_DEVICE_FAMILY = 1;
			};
			name = Release;
		};
/* End XCBuildConfiguration section */

/* Begin XCConfigurationList section */
		0455C648219BDCB400264F9C /* Build configuration list for PBXProject "Habitual" */ = {
			isa = XCConfigurationList;
			buildConfigurations = (
				0455C65D219BDCB500264F9C /* Debug */,
				0455C65E219BDCB500264F9C /* Release */,
			);
			defaultConfigurationIsVisible = 0;
			defaultConfigurationName = Release;
		};
		0455C65F219BDCB500264F9C /* Build configuration list for PBXNativeTarget "Habitual" */ = {
			isa = XCConfigurationList;
			buildConfigurations = (
				0455C660219BDCB500264F9C /* Debug */,
				0455C661219BDCB500264F9C /* Release */,
			);
			defaultConfigurationIsVisible = 0;
			defaultConfigurationName = Release;
		};
/* End XCConfigurationList section */
	};
	rootObject = 0455C645219BDCB400264F9C /* Project object */;
}
